
Microsoft Visual Studio Solution File, Format Version 12.00
# Visual Studio Version 17
VisualStudioVersion = 17.11.35222.181
MinimumVisualStudioVersion = 10.0.40219.1
Project("{FAE04EC0-301F-11D3-BF4B-00C04F79EFBC}") = "Act Barcos1.0", "Act Barcos1.0\Act Barcos1.0.csproj", "{705CE286-4EFF-40DE-B764-81373A6770B5}"
EndProject
Global
	GlobalSection(SolutionConfigurationPlatforms) = preSolution
		Debug|Any CPU = Debug|Any CPU
		Release|Any CPU = Release|Any CPU
	EndGlobalSection
	GlobalSection(ProjectConfigurationPlatforms) = postSolution
		{705CE286-4EFF-40DE-B764-81373A6770B5}.Debug|Any CPU.ActiveCfg = Debug|Any CPU
		{705CE286-4EFF-40DE-B764-81373A6770B5}.Debug|Any CPU.Build.0 = Debug|Any CPU
		{705CE286-4EFF-40DE-B764-81373A6770B5}.Release|Any CPU.ActiveCfg = Release|Any CPU
		{705CE286-4EFF-40DE-B764-81373A6770B5}.Release|Any CPU.Build.0 = Release|Any CPU
	EndGlobalSection
	GlobalSection(SolutionProperties) = preSolution
		HideSolutionNode = FALSE
	EndGlobalSection
	GlobalSection(ExtensibilityGlobals) = postSolution
		SolutionGuid = {3250A2F4-39A3-4DEA-9DF5-06370161D497}
	EndGlobalSection
EndGlobal
